
Microsoft Visual Studio Solution File, Format Version 12.00
# Visual Studio 15
VisualStudioVersion = 15.0.27703.2035
MinimumVisualStudioVersion = 10.0.40219.1
Project("{9A19103F-16F7-4668-BE54-9A1E7A4F7556}") = "Quiz", "src\Quiz\Quiz.csproj", "{CE2FE4E4-9282-42FA-90F5-F57BC4B3CF43}"
EndProject
Project("{9A19103F-16F7-4668-BE54-9A1E7A4F7556}") = "Quiz.Api.Test.Unit", "test\Quiz.Api.Test.Unit\Quiz.Api.Test.Unit.csproj", "{C129E555-0CE4-4CCA-9E3A-00FCF73019C5}"
EndProject
Project("{FAE04EC0-301F-11D3-BF4B-00C04F79EFBC}") = "Quiz.Api", "Quiz.Api\Quiz.Api.csproj", "{76D05847-194A-45BB-A9E5-AE316C233EA8}"
EndProject
Global
	GlobalSection(SolutionConfigurationPlatforms) = preSolution
		Debug|Any CPU = Debug|Any CPU
		Release|Any CPU = Release|Any CPU
	EndGlobalSection
	GlobalSection(ProjectConfigurationPlatforms) = postSolution
		{CE2FE4E4-9282-42FA-90F5-F57BC4B3CF43}.Debug|Any CPU.ActiveCfg = Debug|Any CPU
		{CE2FE4E4-9282-42FA-90F5-F57BC4B3CF43}.Debug|Any CPU.Build.0 = Debug|Any CPU
		{CE2FE4E4-9282-42FA-90F5-F57BC4B3CF43}.Release|Any CPU.ActiveCfg = Release|Any CPU
		{CE2FE4E4-9282-42FA-90F5-F57BC4B3CF43}.Release|Any CPU.Build.0 = Release|Any CPU
		{C129E555-0CE4-4CCA-9E3A-00FCF73019C5}.Debug|Any CPU.ActiveCfg = Debug|Any CPU
		{C129E555-0CE4-4CCA-9E3A-00FCF73019C5}.Debug|Any CPU.Build.0 = Debug|Any CPU
		{C129E555-0CE4-4CCA-9E3A-00FCF73019C5}.Release|Any CPU.ActiveCfg = Release|Any CPU
		{C129E555-0CE4-4CCA-9E3A-00FCF73019C5}.Release|Any CPU.Build.0 = Release|Any CPU
		{76D05847-194A-45BB-A9E5-AE316C233EA8}.Debug|Any CPU.ActiveCfg = Debug|Any CPU
		{76D05847-194A-45BB-A9E5-AE316C233EA8}.Debug|Any CPU.Build.0 = Debug|Any CPU
		{76D05847-194A-45BB-A9E5-AE316C233EA8}.Release|Any CPU.ActiveCfg = Release|Any CPU
		{76D05847-194A-45BB-A9E5-AE316C233EA8}.Release|Any CPU.Build.0 = Release|Any CPU
	EndGlobalSection
	GlobalSection(SolutionProperties) = preSolution
		HideSolutionNode = FALSE
	EndGlobalSection
	GlobalSection(ExtensibilityGlobals) = postSolution
		SolutionGuid = {4B5478AB-A6F4-40E4-BF02-0E19974B8220}
	EndGlobalSection
EndGlobal
